
Microsoft Visual Studio Solution File, Format Version 12.00
# Visual Studio 15
VisualStudioVersion = 15.0.28307.757
MinimumVisualStudioVersion = 10.0.40219.1
Project("{FAE04EC0-301F-11D3-BF4B-00C04F79EFBC}") = "ApiConnectedtoDB", "ApiConnectedtoDB\ApiConnectedtoDB.csproj", "{BF98AD48-CDDB-463B-AA99-E6F09F0D1242}"
EndProject
Global
	GlobalSection(SolutionConfigurationPlatforms) = preSolution
		Debug|Any CPU = Debug|Any CPU
		Release|Any CPU = Release|Any CPU
	EndGlobalSection
	GlobalSection(ProjectConfigurationPlatforms) = postSolution
		{BF98AD48-CDDB-463B-AA99-E6F09F0D1242}.Debug|Any CPU.ActiveCfg = Debug|Any CPU
		{BF98AD48-CDDB-463B-AA99-E6F09F0D1242}.Debug|Any CPU.Build.0 = Debug|Any CPU
		{BF98AD48-CDDB-463B-AA99-E6F09F0D1242}.Release|Any CPU.ActiveCfg = Release|Any CPU
		{BF98AD48-CDDB-463B-AA99-E6F09F0D1242}.Release|Any CPU.Build.0 = Release|Any CPU
	EndGlobalSection
	GlobalSection(SolutionProperties) = preSolution
		HideSolutionNode = FALSE
	EndGlobalSection
	GlobalSection(ExtensibilityGlobals) = postSolution
		SolutionGuid = {42BAB114-D57F-4FA0-B6F6-6F4F6965A9A1}
	EndGlobalSection
EndGlobal
